
Microsoft Visual Studio Solution File, Format Version 12.00
# Visual Studio 15
VisualStudioVersion = 15.0.28010.2041
MinimumVisualStudioVersion = 10.0.40219.1
Project("{FAE04EC0-301F-11D3-BF4B-00C04F79EFBC}") = "WebAPI-Angular", "WebAPI-Angular\WebAPI-Angular.csproj", "{748B56D7-B161-40F5-853B-28F73DD7D750}"
EndProject
Global
	GlobalSection(SolutionConfigurationPlatforms) = preSolution
		Debug|Any CPU = Debug|Any CPU
		Release|Any CPU = Release|Any CPU
	EndGlobalSection
	GlobalSection(ProjectConfigurationPlatforms) = postSolution
		{748B56D7-B161-40F5-853B-28F73DD7D750}.Debug|Any CPU.ActiveCfg = Debug|Any CPU
		{748B56D7-B161-40F5-853B-28F73DD7D750}.Debug|Any CPU.Build.0 = Debug|Any CPU
		{748B56D7-B161-40F5-853B-28F73DD7D750}.Release|Any CPU.ActiveCfg = Release|Any CPU
		{748B56D7-B161-40F5-853B-28F73DD7D750}.Release|Any CPU.Build.0 = Release|Any CPU
	EndGlobalSection
	GlobalSection(SolutionProperties) = preSolution
		HideSolutionNode = FALSE
	EndGlobalSection
	GlobalSection(ExtensibilityGlobals) = postSolution
		SolutionGuid = {36E132ED-7A7D-4CCF-9B0D-DD981F87A435}
	EndGlobalSection
EndGlobal
